
Microsoft Visual Studio Solution File, Format Version 12.00
# Visual Studio Version 16
VisualStudioVersion = 16.0.32228.343
MinimumVisualStudioVersion = 10.0.40219.1
Project("{2150E333-8FDC-42A3-9474-1A3956D46DE8}") = "CS", "CS", "{BCF2EEBF-8D04-4DA5-9114-4178C30048BD}"
EndProject
Project("{FAE04EC0-301F-11D3-BF4B-00C04F79EFBC}") = "CS", "CS\CS.csproj", "{E28C1794-B961-4152-BC52-E907433F1C69}"
EndProject
Project("{2150E333-8FDC-42A3-9474-1A3956D46DE8}") = "TAR", "TAR", "{11620338-B2B8-417A-9536-7D862839886A}"
EndProject
Project("{FAE04EC0-301F-11D3-BF4B-00C04F79EFBC}") = "TAR", "TAR\TAR.csproj", "{EE48A10A-7D7E-4D10-990C-ACBB04045FAA}"
EndProject
Project("{2150E333-8FDC-42A3-9474-1A3956D46DE8}") = "Banco", "Banco", "{357FE5AF-0175-4DA3-A39E-42CA789897B2}"
EndProject
Project("{FAE04EC0-301F-11D3-BF4B-00C04F79EFBC}") = "Banco", "Banco\Banco.csproj", "{9CC6FED2-71AA-4C18-845A-F8085592752C}"
EndProject
Project("{2150E333-8FDC-42A3-9474-1A3956D46DE8}") = "Geometria", "Geometria", "{48F47BA2-86CA-4385-9100-22BCD3317BA4}"
EndProject
Project("{FAE04EC0-301F-11D3-BF4B-00C04F79EFBC}") = "Geometria", "Geometria\Geometria.csproj", "{A3B782CF-3592-4AAD-9051-0344C3CA790A}"
EndProject
Project("{2150E333-8FDC-42A3-9474-1A3956D46DE8}") = "Modelos", "Modelos", "{DDC698B6-77FE-462B-B745-1CF0DF5BEB3F}"
EndProject
Project("{FAE04EC0-301F-11D3-BF4B-00C04F79EFBC}") = "Empresa", "Empresa\Empresa.csproj", "{7FBCBE9E-545E-4EAC-8AA5-1C8257689C51}"
EndProject
Project("{2150E333-8FDC-42A3-9474-1A3956D46DE8}") = "concessionaria", "concessionaria", "{759C95F1-6F47-4280-ADD9-735132399594}"
EndProject
Project("{FAE04EC0-301F-11D3-BF4B-00C04F79EFBC}") = "concessionaria", "concessionaria\concessionaria.csproj", "{B76F4CB5-0290-485A-B885-FAA40366086A}"
EndProject
Project("{2150E333-8FDC-42A3-9474-1A3956D46DE8}") = "Calculadora", "Calculadora", "{0D4922BA-4A79-4AC2-93A1-FC2D6DE88F90}"
EndProject
Project("{FAE04EC0-301F-11D3-BF4B-00C04F79EFBC}") = "Calculadora", "Calculadora\Calculadora.csproj", "{AA1C46C3-1E40-409F-A5EE-A7A897BFA9CD}"
EndProject
Project("{2150E333-8FDC-42A3-9474-1A3956D46DE8}") = "Aula 9 - Banco", "Aula 9 - Banco", "{6299662C-7F49-4DD4-AA6C-9936BC006D74}"
EndProject
Project("{FAE04EC0-301F-11D3-BF4B-00C04F79EFBC}") = "Aula_09_Banco", "Aula_09_Banco\Aula_09_Banco.csproj", "{A9F11083-7BFE-4C17-86CA-0D05393C6B89}"
EndProject
Project("{2150E333-8FDC-42A3-9474-1A3956D46DE8}") = "Aula 06 - 04", "Aula 06 - 04", "{ECD104E2-2012-4ACE-BD34-BCE2B1B6B83E}"
EndProject
Project("{FAE04EC0-301F-11D3-BF4B-00C04F79EFBC}") = "Aula_06_04", "Aula_06_04\Aula_06_04.csproj", "{37DF403B-5ECD-418D-BE0E-855522FDC628}"
EndProject
Project("{2150E333-8FDC-42A3-9474-1A3956D46DE8}") = "11_04", "11_04", "{98D561D3-5CC9-49DE-BD94-619CE36D4C0E}"
EndProject
Project("{FAE04EC0-301F-11D3-BF4B-00C04F79EFBC}") = "Tarefa_11_04", "Tarefa_11_04\Tarefa_11_04.csproj", "{8B99ED37-4240-4540-8124-DD205139C833}"
EndProject
Global
	GlobalSection(SolutionConfigurationPlatforms) = preSolution
		Debug|Any CPU = Debug|Any CPU
		Release|Any CPU = Release|Any CPU
	EndGlobalSection
	GlobalSection(ProjectConfigurationPlatforms) = postSolution
		{E28C1794-B961-4152-BC52-E907433F1C69}.Debug|Any CPU.ActiveCfg = Debug|Any CPU
		{E28C1794-B961-4152-BC52-E907433F1C69}.Debug|Any CPU.Build.0 = Debug|Any CPU
		{E28C1794-B961-4152-BC52-E907433F1C69}.Release|Any CPU.ActiveCfg = Release|Any CPU
		{E28C1794-B961-4152-BC52-E907433F1C69}.Release|Any CPU.Build.0 = Release|Any CPU
		{EE48A10A-7D7E-4D10-990C-ACBB04045FAA}.Debug|Any CPU.ActiveCfg = Debug|Any CPU
		{EE48A10A-7D7E-4D10-990C-ACBB04045FAA}.Debug|Any CPU.Build.0 = Debug|Any CPU
		{EE48A10A-7D7E-4D10-990C-ACBB04045FAA}.Release|Any CPU.ActiveCfg = Release|Any CPU
		{EE48A10A-7D7E-4D10-990C-ACBB04045FAA}.Release|Any CPU.Build.0 = Release|Any CPU
		{9CC6FED2-71AA-4C18-845A-F8085592752C}.Debug|Any CPU.ActiveCfg = Debug|Any CPU
		{9CC6FED2-71AA-4C18-845A-F8085592752C}.Debug|Any CPU.Build.0 = Debug|Any CPU
		{9CC6FED2-71AA-4C18-845A-F8085592752C}.Release|Any CPU.ActiveCfg = Release|Any CPU
		{9CC6FED2-71AA-4C18-845A-F8085592752C}.Release|Any CPU.Build.0 = Release|Any CPU
		{A3B782CF-3592-4AAD-9051-0344C3CA790A}.Debug|Any CPU.ActiveCfg = Debug|Any CPU
		{A3B782CF-3592-4AAD-9051-0344C3CA790A}.Debug|Any CPU.Build.0 = Debug|Any CPU
		{A3B782CF-3592-4AAD-9051-0344C3CA790A}.Release|Any CPU.ActiveCfg = Release|Any CPU
		{A3B782CF-3592-4AAD-9051-0344C3CA790A}.Release|Any CPU.Build.0 = Release|Any CPU
		{7FBCBE9E-545E-4EAC-8AA5-1C8257689C51}.Debug|Any CPU.ActiveCfg = Debug|Any CPU
		{7FBCBE9E-545E-4EAC-8AA5-1C8257689C51}.Debug|Any CPU.Build.0 = Debug|Any CPU
		{7FBCBE9E-545E-4EAC-8AA5-1C8257689C51}.Release|Any CPU.ActiveCfg = Release|Any CPU
		{7FBCBE9E-545E-4EAC-8AA5-1C8257689C51}.Release|Any CPU.Build.0 = Release|Any CPU
		{B76F4CB5-0290-485A-B885-FAA40366086A}.Debug|Any CPU.ActiveCfg = Debug|Any CPU
		{B76F4CB5-0290-485A-B885-FAA40366086A}.Debug|Any CPU.Build.0 = Debug|Any CPU
		{B76F4CB5-0290-485A-B885-FAA40366086A}.Release|Any CPU.ActiveCfg = Release|Any CPU
		{B76F4CB5-0290-485A-B885-FAA40366086A}.Release|Any CPU.Build.0 = Release|Any CPU
		{AA1C46C3-1E40-409F-A5EE-A7A897BFA9CD}.Debug|Any CPU.ActiveCfg = Debug|Any CPU
		{AA1C46C3-1E40-409F-A5EE-A7A897BFA9CD}.Debug|Any CPU.Build.0 = Debug|Any CPU
		{AA1C46C3-1E40-409F-A5EE-A7A897BFA9CD}.Release|Any CPU.ActiveCfg = Release|Any CPU
		{AA1C46C3-1E40-409F-A5EE-A7A897BFA9CD}.Release|Any CPU.Build.0 = Release|Any CPU
		{A9F11083-7BFE-4C17-86CA-0D05393C6B89}.Debug|Any CPU.ActiveCfg = Debug|Any CPU
		{A9F11083-7BFE-4C17-86CA-0D05393C6B89}.Debug|Any CPU.Build.0 = Debug|Any CPU
		{A9F11083-7BFE-4C17-86CA-0D05393C6B89}.Release|Any CPU.ActiveCfg = Release|Any CPU
		{A9F11083-7BFE-4C17-86CA-0D05393C6B89}.Release|Any CPU.Build.0 = Release|Any CPU
		{37DF403B-5ECD-418D-BE0E-855522FDC628}.Debug|Any CPU.ActiveCfg = Debug|Any CPU
		{37DF403B-5ECD-418D-BE0E-855522FDC628}.Debug|Any CPU.Build.0 = Debug|Any CPU
		{37DF403B-5ECD-418D-BE0E-855522FDC628}.Release|Any CPU.ActiveCfg = Release|Any CPU
		{37DF403B-5ECD-418D-BE0E-855522FDC628}.Release|Any CPU.Build.0 = Release|Any CPU
		{8B99ED37-4240-4540-8124-DD205139C833}.Debug|Any CPU.ActiveCfg = Debug|Any CPU
		{8B99ED37-4240-4540-8124-DD205139C833}.Debug|Any CPU.Build.0 = Debug|Any CPU
		{8B99ED37-4240-4540-8124-DD205139C833}.Release|Any CPU.ActiveCfg = Release|Any CPU
		{8B99ED37-4240-4540-8124-DD205139C833}.Release|Any CPU.Build.0 = Release|Any CPU
	EndGlobalSection
	GlobalSection(SolutionProperties) = preSolution
		HideSolutionNode = FALSE
	EndGlobalSection
	GlobalSection(NestedProjects) = preSolution
		{E28C1794-B961-4152-BC52-E907433F1C69} = {BCF2EEBF-8D04-4DA5-9114-4178C30048BD}
		{EE48A10A-7D7E-4D10-990C-ACBB04045FAA} = {11620338-B2B8-417A-9536-7D862839886A}
		{9CC6FED2-71AA-4C18-845A-F8085592752C} = {357FE5AF-0175-4DA3-A39E-42CA789897B2}
		{A3B782CF-3592-4AAD-9051-0344C3CA790A} = {48F47BA2-86CA-4385-9100-22BCD3317BA4}
		{7FBCBE9E-545E-4EAC-8AA5-1C8257689C51} = {DDC698B6-77FE-462B-B745-1CF0DF5BEB3F}
		{B76F4CB5-0290-485A-B885-FAA40366086A} = {759C95F1-6F47-4280-ADD9-735132399594}
		{AA1C46C3-1E40-409F-A5EE-A7A897BFA9CD} = {0D4922BA-4A79-4AC2-93A1-FC2D6DE88F90}
		{A9F11083-7BFE-4C17-86CA-0D05393C6B89} = {6299662C-7F49-4DD4-AA6C-9936BC006D74}
		{37DF403B-5ECD-418D-BE0E-855522FDC628} = {ECD104E2-2012-4ACE-BD34-BCE2B1B6B83E}
		{98D561D3-5CC9-49DE-BD94-619CE36D4C0E} = {11620338-B2B8-417A-9536-7D862839886A}
		{8B99ED37-4240-4540-8124-DD205139C833} = {98D561D3-5CC9-49DE-BD94-619CE36D4C0E}
	EndGlobalSection
	GlobalSection(ExtensibilityGlobals) = postSolution
		SolutionGuid = {CD885048-C22B-443F-85F2-413232CF6E83}
	EndGlobalSection
EndGlobal
